// !$*UTF8*$!
{
	archiveVersion = 1;
	classes = {
	};
	objectVersion = 55;
	objects = {

/* Begin PBXBuildFile section */
		6604F44727411D930053C3D5 /* LandmarksApp.swift in Sources */ = {isa = PBXBuildFile; fileRef = 6604F44627411D930053C3D5 /* LandmarksApp.swift */; };
		6604F44B27411D950053C3D5 /* Assets.xcassets in Resources */ = {isa = PBXBuildFile; fileRef = 6604F44A27411D950053C3D5 /* Assets.xcassets */; };
		6604F44E27411D950053C3D5 /* Preview Assets.xcassets in Resources */ = {isa = PBXBuildFile; fileRef = 6604F44D27411D950053C3D5 /* Preview Assets.xcassets */; };
		6604F45827411D950053C3D5 /* LandmarksTests.swift in Sources */ = {isa = PBXBuildFile; fileRef = 6604F45727411D950053C3D5 /* LandmarksTests.swift */; };
		6604F46227411D950053C3D5 /* LandmarksUITests.swift in Sources */ = {isa = PBXBuildFile; fileRef = 6604F46127411D950053C3D5 /* LandmarksUITests.swift */; };
		6604F46427411D950053C3D5 /* LandmarksUITestsLaunchTests.swift in Sources */ = {isa = PBXBuildFile; fileRef = 6604F46327411D950053C3D5 /* LandmarksUITestsLaunchTests.swift */; };
		6604F47727411E200053C3D5 /* Landmark.swift in Sources */ = {isa = PBXBuildFile; fileRef = 6604F47627411E200053C3D5 /* Landmark.swift */; };
		6604F47927411E370053C3D5 /* Coordinates.swift in Sources */ = {isa = PBXBuildFile; fileRef = 6604F47827411E370053C3D5 /* Coordinates.swift */; };
		6604F47B27411E490053C3D5 /* ModelData.swift in Sources */ = {isa = PBXBuildFile; fileRef = 6604F47A27411E490053C3D5 /* ModelData.swift */; };
		6604F48027411F110053C3D5 /* landmarkData.json in Resources */ = {isa = PBXBuildFile; fileRef = 6604F47F27411F110053C3D5 /* landmarkData.json */; };
		6604F48727411F280053C3D5 /* LandmarkRow.swift in Sources */ = {isa = PBXBuildFile; fileRef = 6604F48127411F280053C3D5 /* LandmarkRow.swift */; };
		6604F48827411F280053C3D5 /* LandmarkDetail.swift in Sources */ = {isa = PBXBuildFile; fileRef = 6604F48227411F280053C3D5 /* LandmarkDetail.swift */; };
		6604F48927411F280053C3D5 /* LandmarkList.swift in Sources */ = {isa = PBXBuildFile; fileRef = 6604F48327411F280053C3D5 /* LandmarkList.swift */; };
		6604F48A27411F280053C3D5 /* MapView.swift in Sources */ = {isa = PBXBuildFile; fileRef = 6604F48427411F280053C3D5 /* MapView.swift */; };
		6604F48B27411F280053C3D5 /* ContentView.swift in Sources */ = {isa = PBXBuildFile; fileRef = 6604F48527411F280053C3D5 /* ContentView.swift */; };
		6604F48C27411F280053C3D5 /* CircleImage.swift in Sources */ = {isa = PBXBuildFile; fileRef = 6604F48627411F280053C3D5 /* CircleImage.swift */; };
/* End PBXBuildFile section */

/* Begin PBXContainerItemProxy section */
		6604F45427411D950053C3D5 /* PBXContainerItemProxy */ = {
			isa = PBXContainerItemProxy;
			containerPortal = 6604F43B27411D930053C3D5 /* Project object */;
			proxyType = 1;
			remoteGlobalIDString = 6604F44227411D930053C3D5;
			remoteInfo = Landmarks;
		};
		6604F45E27411D950053C3D5 /* PBXContainerItemProxy */ = {
			isa = PBXContainerItemProxy;
			containerPortal = 6604F43B27411D930053C3D5 /* Project object */;
			proxyType = 1;
			remoteGlobalIDString = 6604F44227411D930053C3D5;
			remoteInfo = Landmarks;
		};
/* End PBXContainerItemProxy section */

/* Begin PBXFileReference section */
		6604F44327411D930053C3D5 /* Landmarks.app */ = {isa = PBXFileReference; explicitFileType = wrapper.application; includeInIndex = 0; path = Landmarks.app; sourceTree = BUILT_PRODUCTS_DIR; };
		6604F44627411D930053C3D5 /* LandmarksApp.swift */ = {isa = PBXFileReference; lastKnownFileType = sourcecode.swift; path = LandmarksApp.swift; sourceTree = "<group>"; };
		6604F44A27411D950053C3D5 /* Assets.xcassets */ = {isa = PBXFileReference; lastKnownFileType = folder.assetcatalog; path = Assets.xcassets; sourceTree = "<group>"; };
		6604F44D27411D950053C3D5 /* Preview Assets.xcassets */ = {isa = PBXFileReference; lastKnownFileType = folder.assetcatalog; path = "Preview Assets.xcassets"; sourceTree = "<group>"; };
		6604F45327411D950053C3D5 /* LandmarksTests.xctest */ = {isa = PBXFileReference; explicitFileType = wrapper.cfbundle; includeInIndex = 0; path = LandmarksTests.xctest; sourceTree = BUILT_PRODUCTS_DIR; };
		6604F45727411D950053C3D5 /* LandmarksTests.swift */ = {isa = PBXFileReference; lastKnownFileType = sourcecode.swift; path = LandmarksTests.swift; sourceTree = "<group>"; };
		6604F45D27411D950053C3D5 /* LandmarksUITests.xctest */ = {isa = PBXFileReference; explicitFileType = wrapper.cfbundle; includeInIndex = 0; path = LandmarksUITests.xctest; sourceTree = BUILT_PRODUCTS_DIR; };
		6604F46127411D950053C3D5 /* LandmarksUITests.swift */ = {isa = PBXFileReference; lastKnownFileType = sourcecode.swift; path = LandmarksUITests.swift; sourceTree = "<group>"; };
		6604F46327411D950053C3D5 /* LandmarksUITestsLaunchTests.swift */ = {isa = PBXFileReference; lastKnownFileType = sourcecode.swift; path = LandmarksUITestsLaunchTests.swift; sourceTree = "<group>"; };
		6604F47627411E200053C3D5 /* Landmark.swift */ = {isa = PBXFileReference; lastKnownFileType = sourcecode.swift; path = Landmark.swift; sourceTree = "<group>"; };
		6604F47827411E370053C3D5 /* Coordinates.swift */ = {isa = PBXFileReference; lastKnownFileType = sourcecode.swift; path = Coordinates.swift; sourceTree = "<group>"; };
		6604F47A27411E490053C3D5 /* ModelData.swift */ = {isa = PBXFileReference; lastKnownFileType = sourcecode.swift; path = ModelData.swift; sourceTree = "<group>"; };
		6604F47F27411F110053C3D5 /* landmarkData.json */ = {isa = PBXFileReference; fileEncoding = 4; lastKnownFileType = text.json; path = landmarkData.json; sourceTree = "<group>"; };
		6604F48127411F280053C3D5 /* LandmarkRow.swift */ = {isa = PBXFileReference; fileEncoding = 4; lastKnownFileType = sourcecode.swift; path = LandmarkRow.swift; sourceTree = "<group>"; };
		6604F48227411F280053C3D5 /* LandmarkDetail.swift */ = {isa = PBXFileReference; fileEncoding = 4; lastKnownFileType = sourcecode.swift; path = LandmarkDetail.swift; sourceTree = "<group>"; };
		6604F48327411F280053C3D5 /* LandmarkList.swift */ = {isa = PBXFileReference; fileEncoding = 4; lastKnownFileType = sourcecode.swift; path = LandmarkList.swift; sourceTree = "<group>"; };
		6604F48427411F280053C3D5 /* MapView.swift */ = {isa = PBXFileReference; fileEncoding = 4; lastKnownFileType = sourcecode.swift; path = MapView.swift; sourceTree = "<group>"; };
		6604F48527411F280053C3D5 /* ContentView.swift */ = {isa = PBXFileReference; fileEncoding = 4; lastKnownFileType = sourcecode.swift; path = ContentView.swift; sourceTree = "<group>"; };
		6604F48627411F280053C3D5 /* CircleImage.swift */ = {isa = PBXFileReference; fileEncoding = 4; lastKnownFileType = sourcecode.swift; path = CircleImage.swift; sourceTree = "<group>"; };
/* End PBXFileReference section */

/* Begin PBXFrameworksBuildPhase section */
		6604F44027411D930053C3D5 /* Frameworks */ = {
			isa = PBXFrameworksBuildPhase;
			buildActionMask = 2147483647;
			files = (
			);
			runOnlyForDeploymentPostprocessing = 0;
		};
		6604F45027411D950053C3D5 /* Frameworks */ = {
			isa = PBXFrameworksBuildPhase;
			buildActionMask = 2147483647;
			files = (
			);
			runOnlyForDeploymentPostprocessing = 0;
		};
		6604F45A27411D950053C3D5 /* Frameworks */ = {
			isa = PBXFrameworksBuildPhase;
			buildActionMask = 2147483647;
			files = (
			);
			runOnlyForDeploymentPostprocessing = 0;
		};
/* End PBXFrameworksBuildPhase section */

/* Begin PBXGroup section */
		6604F43A27411D930053C3D5 = {
			isa = PBXGroup;
			children = (
				6604F44527411D930053C3D5 /* Landmarks */,
				6604F45627411D950053C3D5 /* LandmarksTests */,
				6604F46027411D950053C3D5 /* LandmarksUITests */,
				6604F44427411D930053C3D5 /* Products */,
			);
			sourceTree = "<group>";
		};
		6604F44427411D930053C3D5 /* Products */ = {
			isa = PBXGroup;
			children = (
				6604F44327411D930053C3D5 /* Landmarks.app */,
				6604F45327411D950053C3D5 /* LandmarksTests.xctest */,
				6604F45D27411D950053C3D5 /* LandmarksUITests.xctest */,
			);
			name = Products;
			sourceTree = "<group>";
		};
		6604F44527411D930053C3D5 /* Landmarks */ = {
			isa = PBXGroup;
			children = (
				6604F47427411E020053C3D5 /* Model */,
				6604F44627411D930053C3D5 /* LandmarksApp.swift */,
				6604F47327411DFA0053C3D5 /* Resources */,
				6604F47527411E070053C3D5 /* View */,
				6604F44A27411D950053C3D5 /* Assets.xcassets */,
				6604F44C27411D950053C3D5 /* Preview Content */,
			);
			path = Landmarks;
			sourceTree = "<group>";
		};
		6604F44C27411D950053C3D5 /* Preview Content */ = {
			isa = PBXGroup;
			children = (
				6604F44D27411D950053C3D5 /* Preview Assets.xcassets */,
			);
			path = "Preview Content";
			sourceTree = "<group>";
		};
		6604F45627411D950053C3D5 /* LandmarksTests */ = {
			isa = PBXGroup;
			children = (
				6604F45727411D950053C3D5 /* LandmarksTests.swift */,
			);
			path = LandmarksTests;
			sourceTree = "<group>";
		};
		6604F46027411D950053C3D5 /* LandmarksUITests */ = {
			isa = PBXGroup;
			children = (
				6604F46127411D950053C3D5 /* LandmarksUITests.swift */,
				6604F46327411D950053C3D5 /* LandmarksUITestsLaunchTests.swift */,
			);
			path = LandmarksUITests;
			sourceTree = "<group>";
		};
		6604F47327411DFA0053C3D5 /* Resources */ = {
			isa = PBXGroup;
			children = (
				6604F47F27411F110053C3D5 /* landmarkData.json */,
			);
			path = Resources;
			sourceTree = "<group>";
		};
		6604F47427411E020053C3D5 /* Model */ = {
			isa = PBXGroup;
			children = (
				6604F47627411E200053C3D5 /* Landmark.swift */,
				6604F47827411E370053C3D5 /* Coordinates.swift */,
				6604F47A27411E490053C3D5 /* ModelData.swift */,
			);
			path = Model;
			sourceTree = "<group>";
		};
		6604F47527411E070053C3D5 /* View */ = {
			isa = PBXGroup;
			children = (
				6604F48627411F280053C3D5 /* CircleImage.swift */,
				6604F48527411F280053C3D5 /* ContentView.swift */,
				6604F48227411F280053C3D5 /* LandmarkDetail.swift */,
				6604F48327411F280053C3D5 /* LandmarkList.swift */,
				6604F48127411F280053C3D5 /* LandmarkRow.swift */,
				6604F48427411F280053C3D5 /* MapView.swift */,
			);
			path = View;
			sourceTree = "<group>";
		};
/* End PBXGroup section */

/* Begin PBXNativeTarget section */
		6604F44227411D930053C3D5 /* Landmarks */ = {
			isa = PBXNativeTarget;
			buildConfigurationList = 6604F46727411D950053C3D5 /* Build configuration list for PBXNativeTarget "Landmarks" */;
			buildPhases = (
				6604F43F27411D930053C3D5 /* Sources */,
				6604F44027411D930053C3D5 /* Frameworks */,
				6604F44127411D930053C3D5 /* Resources */,
			);
			buildRules = (
			);
			dependencies = (
			);
			name = Landmarks;
			productName = Landmarks;
			productReference = 6604F44327411D930053C3D5 /* Landmarks.app */;
			productType = "com.apple.product-type.application";
		};
		6604F45227411D950053C3D5 /* LandmarksTests */ = {
			isa = PBXNativeTarget;
			buildConfigurationList = 6604F46A27411D950053C3D5 /* Build configuration list for PBXNativeTarget "LandmarksTests" */;
			buildPhases = (
				6604F44F27411D950053C3D5 /* Sources */,
				6604F45027411D950053C3D5 /* Frameworks */,
				6604F45127411D950053C3D5 /* Resources */,
			);
			buildRules = (
			);
			dependencies = (
				6604F45527411D950053C3D5 /* PBXTargetDependency */,
			);
			name = LandmarksTests;
			productName = LandmarksTests;
			productReference = 6604F45327411D950053C3D5 /* LandmarksTests.xctest */;
			productType = "com.apple.product-type.bundle.unit-test";
		};
		6604F45C27411D950053C3D5 /* LandmarksUITests */ = {
			isa = PBXNativeTarget;
			buildConfigurationList = 6604F46D27411D950053C3D5 /* Build configuration list for PBXNativeTarget "LandmarksUITests" */;
			buildPhases = (
				6604F45927411D950053C3D5 /* Sources */,
				6604F45A27411D950053C3D5 /* Frameworks */,
				6604F45B27411D950053C3D5 /* Resources */,
			);
			buildRules = (
			);
			dependencies = (
				6604F45F27411D950053C3D5 /* PBXTargetDependency */,
			);
			name = LandmarksUITests;
			productName = LandmarksUITests;
			productReference = 6604F45D27411D950053C3D5 /* LandmarksUITests.xctest */;
			productType = "com.apple.product-type.bundle.ui-testing";
		};
/* End PBXNativeTarget section */

/* Begin PBXProject section */
		6604F43B27411D930053C3D5 /* Project object */ = {
			isa = PBXProject;
			attributes = {
				BuildIndependentTargetsInParallel = 1;
				LastSwiftUpdateCheck = 1310;
				LastUpgradeCheck = 1310;
				TargetAttributes = {
					6604F44227411D930053C3D5 = {
						CreatedOnToolsVersion = 13.1;
					};
					6604F45227411D950053C3D5 = {
						CreatedOnToolsVersion = 13.1;
						TestTargetID = 6604F44227411D930053C3D5;
					};
					6604F45C27411D950053C3D5 = {
						CreatedOnToolsVersion = 13.1;
						TestTargetID = 6604F44227411D930053C3D5;
					};
				};
			};
			buildConfigurationList = 6604F43E27411D930053C3D5 /* Build configuration list for PBXProject "Landmarks" */;
			compatibilityVersion = "Xcode 13.0";
			developmentRegion = en;
			hasScannedForEncodings = 0;
			knownRegions = (
				en,
				Base,
			);
			mainGroup = 6604F43A27411D930053C3D5;
			productRefGroup = 6604F44427411D930053C3D5 /* Products */;
			projectDirPath = "";
			projectRoot = "";
			targets = (
				6604F44227411D930053C3D5 /* Landmarks */,
				6604F45227411D950053C3D5 /* LandmarksTests */,
				6604F45C27411D950053C3D5 /* LandmarksUITests */,
			);
		};
/* End PBXProject section */

/* Begin PBXResourcesBuildPhase section */
		6604F44127411D930053C3D5 /* Resources */ = {
			isa = PBXResourcesBuildPhase;
			buildActionMask = 2147483647;
			files = (
				6604F44E27411D950053C3D5 /* Preview Assets.xcassets in Resources */,
				6604F44B27411D950053C3D5 /* Assets.xcassets in Resources */,
				6604F48027411F110053C3D5 /* landmarkData.json in Resources */,
			);
			runOnlyForDeploymentPostprocessing = 0;
		};
		6604F45127411D950053C3D5 /* Resources */ = {
			isa = PBXResourcesBuildPhase;
			buildActionMask = 2147483647;
			files = (
			);
			runOnlyForDeploymentPostprocessing = 0;
		};
		6604F45B27411D950053C3D5 /* Resources */ = {
			isa = PBXResourcesBuildPhase;
			buildActionMask = 2147483647;
			files = (
			);
			runOnlyForDeploymentPostprocessing = 0;
		};
/* End PBXResourcesBuildPhase section */

/* Begin PBXSourcesBuildPhase section */
		6604F43F27411D930053C3D5 /* Sources */ = {
			isa = PBXSourcesBuildPhase;
			buildActionMask = 2147483647;
			files = (
				6604F44727411D930053C3D5 /* LandmarksApp.swift in Sources */,
				6604F48727411F280053C3D5 /* LandmarkRow.swift in Sources */,
				6604F48927411F280053C3D5 /* LandmarkList.swift in Sources */,
				6604F47B27411E490053C3D5 /* ModelData.swift in Sources */,
				6604F47727411E200053C3D5 /* Landmark.swift in Sources */,
				6604F48B27411F280053C3D5 /* ContentView.swift in Sources */,
				6604F47927411E370053C3D5 /* Coordinates.swift in Sources */,
				6604F48C27411F280053C3D5 /* CircleImage.swift in Sources */,
				6604F48A27411F280053C3D5 /* MapView.swift in Sources */,
				6604F48827411F280053C3D5 /* LandmarkDetail.swift in Sources */,
			);
			runOnlyForDeploymentPostprocessing = 0;
		};
		6604F44F27411D950053C3D5 /* Sources */ = {
			isa = PBXSourcesBuildPhase;
			buildActionMask = 2147483647;
			files = (
				6604F45827411D950053C3D5 /* LandmarksTests.swift in Sources */,
			);
			runOnlyForDeploymentPostprocessing = 0;
		};
		6604F45927411D950053C3D5 /* Sources */ = {
			isa = PBXSourcesBuildPhase;
			buildActionMask = 2147483647;
			files = (
				6604F46427411D950053C3D5 /* LandmarksUITestsLaunchTests.swift in Sources */,
				6604F46227411D950053C3D5 /* LandmarksUITests.swift in Sources */,
			);
			runOnlyForDeploymentPostprocessing = 0;
		};
/* End PBXSourcesBuildPhase section */

/* Begin PBXTargetDependency section */
		6604F45527411D950053C3D5 /* PBXTargetDependency */ = {
			isa = PBXTargetDependency;
			target = 6604F44227411D930053C3D5 /* Landmarks */;
			targetProxy = 6604F45427411D950053C3D5 /* PBXContainerItemProxy */;
		};
		6604F45F27411D950053C3D5 /* PBXTargetDependency */ = {
			isa = PBXTargetDependency;
			target = 6604F44227411D930053C3D5 /* Landmarks */;
			targetProxy = 6604F45E27411D950053C3D5 /* PBXContainerItemProxy */;
		};
/* End PBXTargetDependency section */

/* Begin XCBuildConfiguration section */
		6604F46527411D950053C3D5 /* Debug */ = {
			isa = XCBuildConfiguration;
			buildSettings = {
				ALWAYS_SEARCH_USER_PATHS = NO;
				CLANG_ANALYZER_NONNULL = YES;
				CLANG_ANALYZER_NUMBER_OBJECT_CONVERSION = YES_AGGRESSIVE;
				CLANG_CXX_LANGUAGE_STANDARD = "gnu++17";
				CLANG_CXX_LIBRARY = "libc++";
				CLANG_ENABLE_MODULES = YES;
				CLANG_ENABLE_OBJC_ARC = YES;
				CLANG_ENABLE_OBJC_WEAK = YES;
				CLANG_WARN_BLOCK_CAPTURE_AUTORELEASING = YES;
				CLANG_WARN_BOOL_CONVERSION = YES;
				CLANG_WARN_COMMA = YES;
				CLANG_WARN_CONSTANT_CONVERSION = YES;
				CLANG_WARN_DEPRECATED_OBJC_IMPLEMENTATIONS = YES;
				CLANG_WARN_DIRECT_OBJC_ISA_USAGE = YES_ERROR;
				CLANG_WARN_DOCUMENTATION_COMMENTS = YES;
				CLANG_WARN_EMPTY_BODY = YES;
				CLANG_WARN_ENUM_CONVERSION = YES;
				CLANG_WARN_INFINITE_RECURSION = YES;
				CLANG_WARN_INT_CONVERSION = YES;
				CLANG_WARN_NON_LITERAL_NULL_CONVERSION = YES;
				CLANG_WARN_OBJC_IMPLICIT_RETAIN_SELF = YES;
				CLANG_WARN_OBJC_LITERAL_CONVERSION = YES;
				CLANG_WARN_OBJC_ROOT_CLASS = YES_ERROR;
				CLANG_WARN_QUOTED_INCLUDE_IN_FRAMEWORK_HEADER = YES;
				CLANG_WARN_RANGE_LOOP_ANALYSIS = YES;
				CLANG_WARN_STRICT_PROTOTYPES = YES;
				CLANG_WARN_SUSPICIOUS_MOVE = YES;
				CLANG_WARN_UNGUARDED_AVAILABILITY = YES_AGGRESSIVE;
				CLANG_WARN_UNREACHABLE_CODE = YES;
				CLANG_WARN__DUPLICATE_METHOD_MATCH = YES;
				COPY_PHASE_STRIP = NO;
				DEBUG_INFORMATION_FORMAT = dwarf;
				ENABLE_STRICT_OBJC_MSGSEND = YES;
				ENABLE_TESTABILITY = YES;
				GCC_C_LANGUAGE_STANDARD = gnu11;
				GCC_DYNAMIC_NO_PIC = NO;
				GCC_NO_COMMON_BLOCKS = YES;
				GCC_OPTIMIZATION_LEVEL = 0;
				GCC_PREPROCESSOR_DEFINITIONS = (
					"DEBUG=1",
					"$(inherited)",
				);
				GCC_WARN_64_TO_32_BIT_CONVERSION = YES;
				GCC_WARN_ABOUT_RETURN_TYPE = YES_ERROR;
				GCC_WARN_UNDECLARED_SELECTOR = YES;
				GCC_WARN_UNINITIALIZED_AUTOS = YES_AGGRESSIVE;
				GCC_WARN_UNUSED_FUNCTION = YES;
				GCC_WARN_UNUSED_VARIABLE = YES;
				IPHONEOS_DEPLOYMENT_TARGET = 15.0;
				MTL_ENABLE_DEBUG_INFO = INCLUDE_SOURCE;
				MTL_FAST_MATH = YES;
				ONLY_ACTIVE_ARCH = YES;
				SDKROOT = iphoneos;
				SWIFT_ACTIVE_COMPILATION_CONDITIONS = DEBUG;
				SWIFT_OPTIMIZATION_LEVEL = "-Onone";
			};
			name = Debug;
		};
		6604F46627411D950053C3D5 /* Release */ = {
			isa = XCBuildConfiguration;
			buildSettings = {
				ALWAYS_SEARCH_USER_PATHS = NO;
				CLANG_ANALYZER_NONNULL = YES;
				CLANG_ANALYZER_NUMBER_OBJECT_CONVERSION = YES_AGGRESSIVE;
				CLANG_CXX_LANGUAGE_STANDARD = "gnu++17";
				CLANG_CXX_LIBRARY = "libc++";
				CLANG_ENABLE_MODULES = YES;
				CLANG_ENABLE_OBJC_ARC = YES;
				CLANG_ENABLE_OBJC_WEAK = YES;
				CLANG_WARN_BLOCK_CAPTURE_AUTORELEASING = YES;
				CLANG_WARN_BOOL_CONVERSION = YES;
				CLANG_WARN_COMMA = YES;
				CLANG_WARN_CONSTANT_CONVERSION = YES;
				CLANG_WARN_DEPRECATED_OBJC_IMPLEMENTATIONS = YES;
				CLANG_WARN_DIRECT_OBJC_ISA_USAGE = YES_ERROR;
				CLANG_WARN_DOCUMENTATION_COMMENTS = YES;
				CLANG_WARN_EMPTY_BODY = YES;
				CLANG_WARN_ENUM_CONVERSION = YES;
				CLANG_WARN_INFINITE_RECURSION = YES;
				CLANG_WARN_INT_CONVERSION = YES;
				CLANG_WARN_NON_LITERAL_NULL_CONVERSION = YES;
				CLANG_WARN_OBJC_IMPLICIT_RETAIN_SELF = YES;
				CLANG_WARN_OBJC_LITERAL_CONVERSION = YES;
				CLANG_WARN_OBJC_ROOT_CLASS = YES_ERROR;
				CLANG_WARN_QUOTED_INCLUDE_IN_FRAMEWORK_HEADER = YES;
				CLANG_WARN_RANGE_LOOP_ANALYSIS = YES;
				CLANG_WARN_STRICT_PROTOTYPES = YES;
				CLANG_WARN_SUSPICIOUS_MOVE = YES;
				CLANG_WARN_UNGUARDED_AVAILABILITY = YES_AGGRESSIVE;
				CLANG_WARN_UNREACHABLE_CODE = YES;
				CLANG_WARN__DUPLICATE_METHOD_MATCH = YES;
				COPY_PHASE_STRIP = NO;
				DEBUG_INFORMATION_FORMAT = "dwarf-with-dsym";
				ENABLE_NS_ASSERTIONS = NO;
				ENABLE_STRICT_OBJC_MSGSEND = YES;
				GCC_C_LANGUAGE_STANDARD = gnu11;
				GCC_NO_COMMON_BLOCKS = YES;
				GCC_WARN_64_TO_32_BIT_CONVERSION = YES;
				GCC_WARN_ABOUT_RETURN_TYPE = YES_ERROR;
				GCC_WARN_UNDECLARED_SELECTOR = YES;
				GCC_WARN_UNINITIALIZED_AUTOS = YES_AGGRESSIVE;
				GCC_WARN_UNUSED_FUNCTION = YES;
				GCC_WARN_UNUSED_VARIABLE = YES;
				IPHONEOS_DEPLOYMENT_TARGET = 15.0;
				MTL_ENABLE_DEBUG_INFO = NO;
				MTL_FAST_MATH = YES;
				SDKROOT = iphoneos;
				SWIFT_COMPILATION_MODE = wholemodule;
				SWIFT_OPTIMIZATION_LEVEL = "-O";
				VALIDATE_PRODUCT = YES;
			};
			name = Release;
		};
		6604F46827411D950053C3D5 /* Debug */ = {
			isa = XCBuildConfiguration;
			buildSettings = {
				ASSETCATALOG_COMPILER_APPICON_NAME = AppIcon;
				ASSETCATALOG_COMPILER_GLOBAL_ACCENT_COLOR_NAME = AccentColor;
				CODE_SIGN_STYLE = Automatic;
				CURRENT_PROJECT_VERSION = 1;
				DEVELOPMENT_ASSET_PATHS = "\"Landmarks/Preview Content\"";
				DEVELOPMENT_TEAM = G8BXSMQ7SR;
				ENABLE_PREVIEWS = YES;
				GENERATE_INFOPLIST_FILE = YES;
				INFOPLIST_KEY_UIApplicationSceneManifest_Generation = YES;
				INFOPLIST_KEY_UIApplicationSupportsIndirectInputEvents = YES;
				INFOPLIST_KEY_UILaunchScreen_Generation = YES;
				INFOPLIST_KEY_UISupportedInterfaceOrientations_iPad = "UIInterfaceOrientationPortrait UIInterfaceOrientationPortraitUpsideDown UIInterfaceOrientationLandscapeLeft UIInterfaceOrientationLandscapeRight";
				INFOPLIST_KEY_UISupportedInterfaceOrientations_iPhone = "UIInterfaceOrientationPortrait UIInterfaceOrientationLandscapeLeft UIInterfaceOrientationLandscapeRight";
				LD_RUNPATH_SEARCH_PATHS = (
					"$(inherited)",
					"@executable_path/Frameworks",
				);
				MARKETING_VERSION = 1.0;
				PRODUCT_BUNDLE_IDENTIFIER = fm.Landmarks;
				PRODUCT_NAME = "$(TARGET_NAME)";
				SWIFT_EMIT_LOC_STRINGS = YES;
				SWIFT_VERSION = 5.0;
				TARGETED_DEVICE_FAMILY = "1,2";
			};
			name = Debug;
		};
		6604F46927411D950053C3D5 /* Release */ = {
			isa = XCBuildConfiguration;
			buildSettings = {
				ASSETCATALOG_COMPILER_APPICON_NAME = AppIcon;
				ASSETCATALOG_COMPILER_GLOBAL_ACCENT_COLOR_NAME = AccentColor;
				CODE_SIGN_STYLE = Automatic;
				CURRENT_PROJECT_VERSION = 1;
				DEVELOPMENT_ASSET_PATHS = "\"Landmarks/Preview Content\"";
				DEVELOPMENT_TEAM = G8BXSMQ7SR;
				ENABLE_PREVIEWS = YES;
				GENERATE_INFOPLIST_FILE = YES;
				INFOPLIST_KEY_UIApplicationSceneManifest_Generation = YES;
				INFOPLIST_KEY_UIApplicationSupportsIndirectInputEvents = YES;
				INFOPLIST_KEY_UILaunchScreen_Generation = YES;
				INFOPLIST_KEY_UISupportedInterfaceOrientations_iPad = "UIInterfaceOrientationPortrait UIInterfaceOrientationPortraitUpsideDown UIInterfaceOrientationLandscapeLeft UIInterfaceOrientationLandscapeRight";
				INFOPLIST_KEY_UISupportedInterfaceOrientations_iPhone = "UIInterfaceOrientationPortrait UIInterfaceOrientationLandscapeLeft UIInterfaceOrientationLandscapeRight";
				LD_RUNPATH_SEARCH_PATHS = (
					"$(inherited)",
					"@executable_path/Frameworks",
				);
				MARKETING_VERSION = 1.0;
				PRODUCT_BUNDLE_IDENTIFIER = fm.Landmarks;
				PRODUCT_NAME = "$(TARGET_NAME)";
				SWIFT_EMIT_LOC_STRINGS = YES;
				SWIFT_VERSION = 5.0;
				TARGETED_DEVICE_FAMILY = "1,2";
			};
			name = Release;
		};
		6604F46B27411D950053C3D5 /* Debug */ = {
			isa = XCBuildConfiguration;
			buildSettings = {
				ALWAYS_EMBED_SWIFT_STANDARD_LIBRARIES = YES;
				BUNDLE_LOADER = "$(TEST_HOST)";
				CODE_SIGN_STYLE = Automatic;
				CURRENT_PROJECT_VERSION = 1;
				DEVELOPMENT_TEAM = G8BXSMQ7SR;
				GENERATE_INFOPLIST_FILE = YES;
				IPHONEOS_DEPLOYMENT_TARGET = 15.0;
				LD_RUNPATH_SEARCH_PATHS = (
					"$(inherited)",
					"@executable_path/Frameworks",
					"@loader_path/Frameworks",
				);
				MARKETING_VERSION = 1.0;
				PRODUCT_BUNDLE_IDENTIFIER = fm.LandmarksTests;
				PRODUCT_NAME = "$(TARGET_NAME)";
				SWIFT_EMIT_LOC_STRINGS = NO;
				SWIFT_VERSION = 5.0;
				TARGETED_DEVICE_FAMILY = "1,2";
				TEST_HOST = "$(BUILT_PRODUCTS_DIR)/Landmarks.app/Landmarks";
			};
			name = Debug;
		};
		6604F46C27411D950053C3D5 /* Release */ = {
			isa = XCBuildConfiguration;
			buildSettings = {
				ALWAYS_EMBED_SWIFT_STANDARD_LIBRARIES = YES;
				BUNDLE_LOADER = "$(TEST_HOST)";
				CODE_SIGN_STYLE = Automatic;
				CURRENT_PROJECT_VERSION = 1;
				DEVELOPMENT_TEAM = G8BXSMQ7SR;
				GENERATE_INFOPLIST_FILE = YES;
				IPHONEOS_DEPLOYMENT_TARGET = 15.0;
				LD_RUNPATH_SEARCH_PATHS = (
					"$(inherited)",
					"@executable_path/Frameworks",
					"@loader_path/Frameworks",
				);
				MARKETING_VERSION = 1.0;
				PRODUCT_BUNDLE_IDENTIFIER = fm.LandmarksTests;
				PRODUCT_NAME = "$(TARGET_NAME)";
				SWIFT_EMIT_LOC_STRINGS = NO;
				SWIFT_VERSION = 5.0;
				TARGETED_DEVICE_FAMILY = "1,2";
				TEST_HOST = "$(BUILT_PRODUCTS_DIR)/Landmarks.app/Landmarks";
			};
			name = Release;
		};
		6604F46E27411D950053C3D5 /* Debug */ = {
			isa = XCBuildConfiguration;
			buildSettings = {
				ALWAYS_EMBED_SWIFT_STANDARD_LIBRARIES = YES;
				CODE_SIGN_STYLE = Automatic;
				CURRENT_PROJECT_VERSION = 1;
				DEVELOPMENT_TEAM = G8BXSMQ7SR;
				GENERATE_INFOPLIST_FILE = YES;
				LD_RUNPATH_SEARCH_PATHS = (
					"$(inherited)",
					"@executable_path/Frameworks",
					"@loader_path/Frameworks",
				);
				MARKETING_VERSION = 1.0;
				PRODUCT_BUNDLE_IDENTIFIER = fm.LandmarksUITests;
				PRODUCT_NAME = "$(TARGET_NAME)";
				SWIFT_EMIT_LOC_STRINGS = NO;
				SWIFT_VERSION = 5.0;
				TARGETED_DEVICE_FAMILY = "1,2";
				TEST_TARGET_NAME = Landmarks;
			};
			name = Debug;
		};
		6604F46F27411D950053C3D5 /* Release */ = {
			isa = XCBuildConfiguration;
			buildSettings = {
				ALWAYS_EMBED_SWIFT_STANDARD_LIBRARIES = YES;
				CODE_SIGN_STYLE = Automatic;
				CURRENT_PROJECT_VERSION = 1;
				DEVELOPMENT_TEAM = G8BXSMQ7SR;
				GENERATE_INFOPLIST_FILE = YES;
				LD_RUNPATH_SEARCH_PATHS = (
					"$(inherited)",
					"@executable_path/Frameworks",
					"@loader_path/Frameworks",
				);
				MARKETING_VERSION = 1.0;
				PRODUCT_BUNDLE_IDENTIFIER = fm.LandmarksUITests;
				PRODUCT_NAME = "$(TARGET_NAME)";
				SWIFT_EMIT_LOC_STRINGS = NO;
				SWIFT_VERSION = 5.0;
				TARGETED_DEVICE_FAMILY = "1,2";
				TEST_TARGET_NAME = Landmarks;
			};
			name = Release;
		};
/* End XCBuildConfiguration section */

/* Begin XCConfigurationList section */
		6604F43E27411D930053C3D5 /* Build configuration list for PBXProject "Landmarks" */ = {
			isa = XCConfigurationList;
			buildConfigurations = (
				6604F46527411D950053C3D5 /* Debug */,
				6604F46627411D950053C3D5 /* Release */,
			);
			defaultConfigurationIsVisible = 0;
			defaultConfigurationName = Release;
		};
		6604F46727411D950053C3D5 /* Build configuration list for PBXNativeTarget "Landmarks" */ = {
			isa = XCConfigurationList;
			buildConfigurations = (
				6604F46827411D950053C3D5 /* Debug */,
				6604F46927411D950053C3D5 /* Release */,
			);
			defaultConfigurationIsVisible = 0;
			defaultConfigurationName = Release;
		};
		6604F46A27411D950053C3D5 /* Build configuration list for PBXNativeTarget "LandmarksTests" */ = {
			isa = XCConfigurationList;
			buildConfigurations = (
				6604F46B27411D950053C3D5 /* Debug */,
				6604F46C27411D950053C3D5 /* Release */,
			);
			defaultConfigurationIsVisible = 0;
			defaultConfigurationName = Release;
		};
		6604F46D27411D950053C3D5 /* Build configuration list for PBXNativeTarget "LandmarksUITests" */ = {
			isa = XCConfigurationList;
			buildConfigurations = (
				6604F46E27411D950053C3D5 /* Debug */,
				6604F46F27411D950053C3D5 /* Release */,
			);
			defaultConfigurationIsVisible = 0;
			defaultConfigurationName = Release;
		};
/* End XCConfigurationList section */
	};
	rootObject = 6604F43B27411D930053C3D5 /* Project object */;
}
